
Microsoft Visual Studio Solution File, Format Version 12.00
# Visual Studio Version 17
VisualStudioVersion = 17.1.32421.90
MinimumVisualStudioVersion = 10.0.40219.1
Project("{9A19103F-16F7-4668-BE54-9A1E7A4F7556}") = "BudgetApp.Console", "BudgetApp.Console\BudgetApp.Console.csproj", "{441F2CF2-6FCA-4931-BEF2-E09FF3F99936}"
EndProject
Project("{FAE04EC0-301F-11D3-BF4B-00C04F79EFBC}") = "BudgetApp", "BudgetFormsApp1\BudgetApp.csproj", "{2D59551E-A616-4463-BD6F-24407A92CB6A}"
EndProject
Project("{FAE04EC0-301F-11D3-BF4B-00C04F79EFBC}") = "WinFormsApp1", "WinFormsApp1\WinFormsApp1.csproj", "{16E4D907-9640-499B-8C96-11373D30DD8A}"
EndProject
Project("{FAE04EC0-301F-11D3-BF4B-00C04F79EFBC}") = "SqlDataAccess", "SqlDataAccess\SqlDataAccess.csproj", "{E0EFC09D-7387-463F-BC71-F5386C009F19}"
EndProject
Global
	GlobalSection(SolutionConfigurationPlatforms) = preSolution
		Debug|Any CPU = Debug|Any CPU
		Release|Any CPU = Release|Any CPU
	EndGlobalSection
	GlobalSection(ProjectConfigurationPlatforms) = postSolution
		{441F2CF2-6FCA-4931-BEF2-E09FF3F99936}.Debug|Any CPU.ActiveCfg = Debug|Any CPU
		{441F2CF2-6FCA-4931-BEF2-E09FF3F99936}.Debug|Any CPU.Build.0 = Debug|Any CPU
		{441F2CF2-6FCA-4931-BEF2-E09FF3F99936}.Release|Any CPU.ActiveCfg = Release|Any CPU
		{441F2CF2-6FCA-4931-BEF2-E09FF3F99936}.Release|Any CPU.Build.0 = Release|Any CPU
		{2D59551E-A616-4463-BD6F-24407A92CB6A}.Debug|Any CPU.ActiveCfg = Debug|Any CPU
		{2D59551E-A616-4463-BD6F-24407A92CB6A}.Debug|Any CPU.Build.0 = Debug|Any CPU
		{2D59551E-A616-4463-BD6F-24407A92CB6A}.Release|Any CPU.ActiveCfg = Release|Any CPU
		{2D59551E-A616-4463-BD6F-24407A92CB6A}.Release|Any CPU.Build.0 = Release|Any CPU
		{16E4D907-9640-499B-8C96-11373D30DD8A}.Debug|Any CPU.ActiveCfg = Debug|Any CPU
		{16E4D907-9640-499B-8C96-11373D30DD8A}.Debug|Any CPU.Build.0 = Debug|Any CPU
		{16E4D907-9640-499B-8C96-11373D30DD8A}.Release|Any CPU.ActiveCfg = Release|Any CPU
		{16E4D907-9640-499B-8C96-11373D30DD8A}.Release|Any CPU.Build.0 = Release|Any CPU
		{E0EFC09D-7387-463F-BC71-F5386C009F19}.Debug|Any CPU.ActiveCfg = Debug|Any CPU
		{E0EFC09D-7387-463F-BC71-F5386C009F19}.Debug|Any CPU.Build.0 = Debug|Any CPU
		{E0EFC09D-7387-463F-BC71-F5386C009F19}.Release|Any CPU.ActiveCfg = Release|Any CPU
		{E0EFC09D-7387-463F-BC71-F5386C009F19}.Release|Any CPU.Build.0 = Release|Any CPU
	EndGlobalSection
	GlobalSection(SolutionProperties) = preSolution
		HideSolutionNode = FALSE
	EndGlobalSection
	GlobalSection(ExtensibilityGlobals) = postSolution
		SolutionGuid = {7AC79BB7-6B96-4F2D-A3AC-C69E706B9CDB}
	EndGlobalSection
EndGlobal
